// !$*UTF8*$!
{
	archiveVersion = 1;
	classes = {
	};
	objectVersion = 55;
	objects = {

/* Begin PBXBuildFile section */
		D01C146A2A89E0F200210A62 /* EventMonitor.swift in Sources */ = {isa = PBXBuildFile; fileRef = D01C14692A89E0F200210A62 /* EventMonitor.swift */; };
		D0BF812A273107230019F06D /* Nudger_SwiftUIApp.swift in Sources */ = {isa = PBXBuildFile; fileRef = D0BF8129273107230019F06D /* Nudger_SwiftUIApp.swift */; };
		D0BF812C273107230019F06D /* ContentView.swift in Sources */ = {isa = PBXBuildFile; fileRef = D0BF812B273107230019F06D /* ContentView.swift */; };
		D0BF812E273107270019F06D /* Assets.xcassets in Resources */ = {isa = PBXBuildFile; fileRef = D0BF812D273107270019F06D /* Assets.xcassets */; };
		D0BF8131273107270019F06D /* Preview Assets.xcassets in Resources */ = {isa = PBXBuildFile; fileRef = D0BF8130273107270019F06D /* Preview Assets.xcassets */; };
		D0BF8133273107270019F06D /* Persistence.swift in Sources */ = {isa = PBXBuildFile; fileRef = D0BF8132273107270019F06D /* Persistence.swift */; };
		D0BF8136273107270019F06D /* Nudger_SwiftUI.xcdatamodeld in Sources */ = {isa = PBXBuildFile; fileRef = D0BF8134273107270019F06D /* Nudger_SwiftUI.xcdatamodeld */; };
		D0BF813E2731080A0019F06D /* AppDelegate.swift in Sources */ = {isa = PBXBuildFile; fileRef = D0BF813D2731080A0019F06D /* AppDelegate.swift */; };
		D0BF81412732479F0019F06D /* PersonList.swift in Sources */ = {isa = PBXBuildFile; fileRef = D0BF81402732479F0019F06D /* PersonList.swift */; };
		D0BF814D273248800019F06D /* GRDB in Frameworks */ = {isa = PBXBuildFile; productRef = D0BF814C273248800019F06D /* GRDB */; };
		D0BF8150273248A50019F06D /* PhoneNumberKit in Frameworks */ = {isa = PBXBuildFile; productRef = D0BF814F273248A50019F06D /* PhoneNumberKit */; };
		D0BF815627324D490019F06D /* Data.swift in Sources */ = {isa = PBXBuildFile; fileRef = D0BF815527324D490019F06D /* Data.swift */; };
		D0BF815827324D530019F06D /* Suggestion.swift in Sources */ = {isa = PBXBuildFile; fileRef = D0BF815727324D530019F06D /* Suggestion.swift */; };
		D0BF815A27324D5B0019F06D /* Models.swift in Sources */ = {isa = PBXBuildFile; fileRef = D0BF815927324D5B0019F06D /* Models.swift */; };
		D0BF815C27324D640019F06D /* Utils.swift in Sources */ = {isa = PBXBuildFile; fileRef = D0BF815B27324D640019F06D /* Utils.swift */; };
		D0E529C92732539B0003D8BF /* Extensions+View.swift in Sources */ = {isa = PBXBuildFile; fileRef = D0E529C82732539B0003D8BF /* Extensions+View.swift */; };
		D0F8B8CA2738981A00D99737 /* APIManager.swift in Sources */ = {isa = PBXBuildFile; fileRef = D0F8B8C92738981A00D99737 /* APIManager.swift */; };
		D0F8B8CD2738B68100D99737 /* HotKey in Frameworks */ = {isa = PBXBuildFile; productRef = D0F8B8CC2738B68100D99737 /* HotKey */; };
		D0F8B8CF273D65F500D99737 /* Constants.swift in Sources */ = {isa = PBXBuildFile; fileRef = D0F8B8CE273D65F500D99737 /* Constants.swift */; };
		D0F8B8D2273D6ABB00D99737 /* NSStatusItem+Extensions.swift in Sources */ = {isa = PBXBuildFile; fileRef = D0F8B8D1273D6ABB00D99737 /* NSStatusItem+Extensions.swift */; };
/* End PBXBuildFile section */

/* Begin PBXFileReference section */
		D01C14692A89E0F200210A62 /* EventMonitor.swift */ = {isa = PBXFileReference; lastKnownFileType = sourcecode.swift; path = EventMonitor.swift; sourceTree = "<group>"; };
		D0BF8126273107230019F06D /* Nudger-SwiftUI.app */ = {isa = PBXFileReference; explicitFileType = wrapper.application; includeInIndex = 0; path = "Nudger-SwiftUI.app"; sourceTree = BUILT_PRODUCTS_DIR; };
		D0BF8129273107230019F06D /* Nudger_SwiftUIApp.swift */ = {isa = PBXFileReference; lastKnownFileType = sourcecode.swift; path = Nudger_SwiftUIApp.swift; sourceTree = "<group>"; };
		D0BF812B273107230019F06D /* ContentView.swift */ = {isa = PBXFileReference; lastKnownFileType = sourcecode.swift; path = ContentView.swift; sourceTree = "<group>"; };
		D0BF812D273107270019F06D /* Assets.xcassets */ = {isa = PBXFileReference; lastKnownFileType = folder.assetcatalog; path = Assets.xcassets; sourceTree = "<group>"; };
		D0BF8130273107270019F06D /* Preview Assets.xcassets */ = {isa = PBXFileReference; lastKnownFileType = folder.assetcatalog; path = "Preview Assets.xcassets"; sourceTree = "<group>"; };
		D0BF8132273107270019F06D /* Persistence.swift */ = {isa = PBXFileReference; lastKnownFileType = sourcecode.swift; path = Persistence.swift; sourceTree = "<group>"; };
		D0BF8135273107270019F06D /* Nudger_SwiftUI.xcdatamodel */ = {isa = PBXFileReference; lastKnownFileType = wrapper.xcdatamodel; path = Nudger_SwiftUI.xcdatamodel; sourceTree = "<group>"; };
		D0BF8137273107270019F06D /* Nudger_SwiftUI.entitlements */ = {isa = PBXFileReference; lastKnownFileType = text.plist.entitlements; path = Nudger_SwiftUI.entitlements; sourceTree = "<group>"; };
		D0BF813D2731080A0019F06D /* AppDelegate.swift */ = {isa = PBXFileReference; lastKnownFileType = sourcecode.swift; path = AppDelegate.swift; sourceTree = "<group>"; };
		D0BF813F27310A600019F06D /* Info.plist */ = {isa = PBXFileReference; lastKnownFileType = text.plist; path = Info.plist; sourceTree = "<group>"; };
		D0BF81402732479F0019F06D /* PersonList.swift */ = {isa = PBXFileReference; lastKnownFileType = sourcecode.swift; path = PersonList.swift; sourceTree = "<group>"; };
		D0BF815527324D490019F06D /* Data.swift */ = {isa = PBXFileReference; lastKnownFileType = sourcecode.swift; path = Data.swift; sourceTree = "<group>"; };
		D0BF815727324D530019F06D /* Suggestion.swift */ = {isa = PBXFileReference; lastKnownFileType = sourcecode.swift; path = Suggestion.swift; sourceTree = "<group>"; };
		D0BF815927324D5B0019F06D /* Models.swift */ = {isa = PBXFileReference; lastKnownFileType = sourcecode.swift; path = Models.swift; sourceTree = "<group>"; };
		D0BF815B27324D640019F06D /* Utils.swift */ = {isa = PBXFileReference; lastKnownFileType = sourcecode.swift; path = Utils.swift; sourceTree = "<group>"; };
		D0E529C82732539B0003D8BF /* Extensions+View.swift */ = {isa = PBXFileReference; lastKnownFileType = sourcecode.swift; path = "Extensions+View.swift"; sourceTree = "<group>"; };
		D0F8B8C92738981A00D99737 /* APIManager.swift */ = {isa = PBXFileReference; lastKnownFileType = sourcecode.swift; path = APIManager.swift; sourceTree = "<group>"; };
		D0F8B8CE273D65F500D99737 /* Constants.swift */ = {isa = PBXFileReference; lastKnownFileType = sourcecode.swift; path = Constants.swift; sourceTree = "<group>"; };
		D0F8B8D1273D6ABB00D99737 /* NSStatusItem+Extensions.swift */ = {isa = PBXFileReference; lastKnownFileType = sourcecode.swift; path = "NSStatusItem+Extensions.swift"; sourceTree = "<group>"; };
/* End PBXFileReference section */

/* Begin PBXFrameworksBuildPhase section */
		D0BF8123273107230019F06D /* Frameworks */ = {
			isa = PBXFrameworksBuildPhase;
			buildActionMask = 2147483647;
			files = (
				D0F8B8CD2738B68100D99737 /* HotKey in Frameworks */,
				D0BF814D273248800019F06D /* GRDB in Frameworks */,
				D0BF8150273248A50019F06D /* PhoneNumberKit in Frameworks */,
			);
			runOnlyForDeploymentPostprocessing = 0;
		};
/* End PBXFrameworksBuildPhase section */

/* Begin PBXGroup section */
		D0BF811D273107230019F06D = {
			isa = PBXGroup;
			children = (
				D0BF8128273107230019F06D /* Nudger-SwiftUI */,
				D0BF8127273107230019F06D /* Products */,
			);
			sourceTree = "<group>";
		};
		D0BF8127273107230019F06D /* Products */ = {
			isa = PBXGroup;
			children = (
				D0BF8126273107230019F06D /* Nudger-SwiftUI.app */,
			);
			name = Products;
			sourceTree = "<group>";
		};
		D0BF8128273107230019F06D /* Nudger-SwiftUI */ = {
			isa = PBXGroup;
			children = (
				D0F8B8D0273D6AA800D99737 /* Extensions */,
				D0BF815427324D0C0019F06D /* api */,
				D0BF813F27310A600019F06D /* Info.plist */,
				D0BF813D2731080A0019F06D /* AppDelegate.swift */,
				D0BF8129273107230019F06D /* Nudger_SwiftUIApp.swift */,
				D0BF812B273107230019F06D /* ContentView.swift */,
				D0BF81402732479F0019F06D /* PersonList.swift */,
				D0BF812D273107270019F06D /* Assets.xcassets */,
				D0BF8132273107270019F06D /* Persistence.swift */,
				D0BF8137273107270019F06D /* Nudger_SwiftUI.entitlements */,
				D0BF8134273107270019F06D /* Nudger_SwiftUI.xcdatamodeld */,
				D0BF812F273107270019F06D /* Preview Content */,
				D0E529C82732539B0003D8BF /* Extensions+View.swift */,
				D01C14692A89E0F200210A62 /* EventMonitor.swift */,
			);
			path = "Nudger-SwiftUI";
			sourceTree = "<group>";
		};
		D0BF812F273107270019F06D /* Preview Content */ = {
			isa = PBXGroup;
			children = (
				D0BF8130273107270019F06D /* Preview Assets.xcassets */,
			);
			path = "Preview Content";
			sourceTree = "<group>";
		};
		D0BF815427324D0C0019F06D /* api */ = {
			isa = PBXGroup;
			children = (
				D0BF815527324D490019F06D /* Data.swift */,
				D0BF815727324D530019F06D /* Suggestion.swift */,
				D0BF815927324D5B0019F06D /* Models.swift */,
				D0BF815B27324D640019F06D /* Utils.swift */,
				D0F8B8C92738981A00D99737 /* APIManager.swift */,
				D0F8B8CE273D65F500D99737 /* Constants.swift */,
			);
			path = api;
			sourceTree = "<group>";
		};
		D0F8B8D0273D6AA800D99737 /* Extensions */ = {
			isa = PBXGroup;
			children = (
				D0F8B8D1273D6ABB00D99737 /* NSStatusItem+Extensions.swift */,
			);
			path = Extensions;
			sourceTree = "<group>";
		};
/* End PBXGroup section */

/* Begin PBXNativeTarget section */
		D0BF8125273107230019F06D /* Nudger-SwiftUI */ = {
			isa = PBXNativeTarget;
			buildConfigurationList = D0BF813A273107270019F06D /* Build configuration list for PBXNativeTarget "Nudger-SwiftUI" */;
			buildPhases = (
				D0BF8122273107230019F06D /* Sources */,
				D0BF8123273107230019F06D /* Frameworks */,
				D0BF8124273107230019F06D /* Resources */,
			);
			buildRules = (
			);
			dependencies = (
			);
			name = "Nudger-SwiftUI";
			packageProductDependencies = (
				D0BF814C273248800019F06D /* GRDB */,
				D0BF814F273248A50019F06D /* PhoneNumberKit */,
				D0F8B8CC2738B68100D99737 /* HotKey */,
			);
			productName = "Nudger-SwiftUI";
			productReference = D0BF8126273107230019F06D /* Nudger-SwiftUI.app */;
			productType = "com.apple.product-type.application";
		};
/* End PBXNativeTarget section */

/* Begin PBXProject section */
		D0BF811E273107230019F06D /* Project object */ = {
			isa = PBXProject;
			attributes = {
				BuildIndependentTargetsInParallel = 1;
				LastSwiftUpdateCheck = 1310;
				LastUpgradeCheck = 1310;
				TargetAttributes = {
					D0BF8125273107230019F06D = {
						CreatedOnToolsVersion = 13.1;
					};
				};
			};
			buildConfigurationList = D0BF8121273107230019F06D /* Build configuration list for PBXProject "Nudger-SwiftUI" */;
			compatibilityVersion = "Xcode 13.0";
			developmentRegion = en;
			hasScannedForEncodings = 0;
			knownRegions = (
				en,
				Base,
			);
			mainGroup = D0BF811D273107230019F06D;
			packageReferences = (
				D0BF814B273248800019F06D /* XCRemoteSwiftPackageReference "GRDB.swift" */,
				D0BF814E273248A50019F06D /* XCRemoteSwiftPackageReference "PhoneNumberKit" */,
				D0F8B8CB2738B68100D99737 /* XCRemoteSwiftPackageReference "HotKey" */,
			);
			productRefGroup = D0BF8127273107230019F06D /* Products */;
			projectDirPath = "";
			projectRoot = "";
			targets = (
				D0BF8125273107230019F06D /* Nudger-SwiftUI */,
			);
		};
/* End PBXProject section */

/* Begin PBXResourcesBuildPhase section */
		D0BF8124273107230019F06D /* Resources */ = {
			isa = PBXResourcesBuildPhase;
			buildActionMask = 2147483647;
			files = (
				D0BF8131273107270019F06D /* Preview Assets.xcassets in Resources */,
				D0BF812E273107270019F06D /* Assets.xcassets in Resources */,
			);
			runOnlyForDeploymentPostprocessing = 0;
		};
/* End PBXResourcesBuildPhase section */

/* Begin PBXSourcesBuildPhase section */
		D0BF8122273107230019F06D /* Sources */ = {
			isa = PBXSourcesBuildPhase;
			buildActionMask = 2147483647;
			files = (
				D0F8B8CA2738981A00D99737 /* APIManager.swift in Sources */,
				D0BF815A27324D5B0019F06D /* Models.swift in Sources */,
				D0BF8133273107270019F06D /* Persistence.swift in Sources */,
				D0BF815C27324D640019F06D /* Utils.swift in Sources */,
				D0BF812C273107230019F06D /* ContentView.swift in Sources */,
				D0F8B8D2273D6ABB00D99737 /* NSStatusItem+Extensions.swift in Sources */,
				D01C146A2A89E0F200210A62 /* EventMonitor.swift in Sources */,
				D0BF815627324D490019F06D /* Data.swift in Sources */,
				D0BF8136273107270019F06D /* Nudger_SwiftUI.xcdatamodeld in Sources */,
				D0F8B8CF273D65F500D99737 /* Constants.swift in Sources */,
				D0BF813E2731080A0019F06D /* AppDelegate.swift in Sources */,
				D0BF81412732479F0019F06D /* PersonList.swift in Sources */,
				D0BF812A273107230019F06D /* Nudger_SwiftUIApp.swift in Sources */,
				D0BF815827324D530019F06D /* Suggestion.swift in Sources */,
				D0E529C92732539B0003D8BF /* Extensions+View.swift in Sources */,
			);
			runOnlyForDeploymentPostprocessing = 0;
		};
/* End PBXSourcesBuildPhase section */

/* Begin XCBuildConfiguration section */
		D0BF8138273107270019F06D /* Debug */ = {
			isa = XCBuildConfiguration;
			buildSettings = {
				ALWAYS_SEARCH_USER_PATHS = NO;
				CLANG_ANALYZER_NONNULL = YES;
				CLANG_ANALYZER_NUMBER_OBJECT_CONVERSION = YES_AGGRESSIVE;
				CLANG_CXX_LANGUAGE_STANDARD = "gnu++17";
				CLANG_CXX_LIBRARY = "libc++";
				CLANG_ENABLE_MODULES = YES;
				CLANG_ENABLE_OBJC_ARC = YES;
				CLANG_ENABLE_OBJC_WEAK = YES;
				CLANG_WARN_BLOCK_CAPTURE_AUTORELEASING = YES;
				CLANG_WARN_BOOL_CONVERSION = YES;
				CLANG_WARN_COMMA = YES;
				CLANG_WARN_CONSTANT_CONVERSION = YES;
				CLANG_WARN_DEPRECATED_OBJC_IMPLEMENTATIONS = YES;
				CLANG_WARN_DIRECT_OBJC_ISA_USAGE = YES_ERROR;
				CLANG_WARN_DOCUMENTATION_COMMENTS = YES;
				CLANG_WARN_EMPTY_BODY = YES;
				CLANG_WARN_ENUM_CONVERSION = YES;
				CLANG_WARN_INFINITE_RECURSION = YES;
				CLANG_WARN_INT_CONVERSION = YES;
				CLANG_WARN_NON_LITERAL_NULL_CONVERSION = YES;
				CLANG_WARN_OBJC_IMPLICIT_RETAIN_SELF = YES;
				CLANG_WARN_OBJC_LITERAL_CONVERSION = YES;
				CLANG_WARN_OBJC_ROOT_CLASS = YES_ERROR;
				CLANG_WARN_QUOTED_INCLUDE_IN_FRAMEWORK_HEADER = YES;
				CLANG_WARN_RANGE_LOOP_ANALYSIS = YES;
				CLANG_WARN_STRICT_PROTOTYPES = YES;
				CLANG_WARN_SUSPICIOUS_MOVE = YES;
				CLANG_WARN_UNGUARDED_AVAILABILITY = YES_AGGRESSIVE;
				CLANG_WARN_UNREACHABLE_CODE = YES;
				CLANG_WARN__DUPLICATE_METHOD_MATCH = YES;
				COPY_PHASE_STRIP = NO;
				DEBUG_INFORMATION_FORMAT = dwarf;
				ENABLE_STRICT_OBJC_MSGSEND = YES;
				ENABLE_TESTABILITY = YES;
				GCC_C_LANGUAGE_STANDARD = gnu11;
				GCC_DYNAMIC_NO_PIC = NO;
				GCC_NO_COMMON_BLOCKS = YES;
				GCC_OPTIMIZATION_LEVEL = 0;
				GCC_PREPROCESSOR_DEFINITIONS = (
					"DEBUG=1",
					"$(inherited)",
				);
				GCC_WARN_64_TO_32_BIT_CONVERSION = YES;
				GCC_WARN_ABOUT_RETURN_TYPE = YES_ERROR;
				GCC_WARN_UNDECLARED_SELECTOR = YES;
				GCC_WARN_UNINITIALIZED_AUTOS = YES_AGGRESSIVE;
				GCC_WARN_UNUSED_FUNCTION = YES;
				GCC_WARN_UNUSED_VARIABLE = YES;
				MACOSX_DEPLOYMENT_TARGET = 11.6;
				MTL_ENABLE_DEBUG_INFO = INCLUDE_SOURCE;
				MTL_FAST_MATH = YES;
				ONLY_ACTIVE_ARCH = YES;
				SDKROOT = macosx;
				SWIFT_ACTIVE_COMPILATION_CONDITIONS = DEBUG;
				SWIFT_OPTIMIZATION_LEVEL = "-Onone";
			};
			name = Debug;
		};
		D0BF8139273107270019F06D /* Release */ = {
			isa = XCBuildConfiguration;
			buildSettings = {
				ALWAYS_SEARCH_USER_PATHS = NO;
				CLANG_ANALYZER_NONNULL = YES;
				CLANG_ANALYZER_NUMBER_OBJECT_CONVERSION = YES_AGGRESSIVE;
				CLANG_CXX_LANGUAGE_STANDARD = "gnu++17";
				CLANG_CXX_LIBRARY = "libc++";
				CLANG_ENABLE_MODULES = YES;
				CLANG_ENABLE_OBJC_ARC = YES;
				CLANG_ENABLE_OBJC_WEAK = YES;
				CLANG_WARN_BLOCK_CAPTURE_AUTORELEASING = YES;
				CLANG_WARN_BOOL_CONVERSION = YES;
				CLANG_WARN_COMMA = YES;
				CLANG_WARN_CONSTANT_CONVERSION = YES;
				CLANG_WARN_DEPRECATED_OBJC_IMPLEMENTATIONS = YES;
				CLANG_WARN_DIRECT_OBJC_ISA_USAGE = YES_ERROR;
				CLANG_WARN_DOCUMENTATION_COMMENTS = YES;
				CLANG_WARN_EMPTY_BODY = YES;
				CLANG_WARN_ENUM_CONVERSION = YES;
				CLANG_WARN_INFINITE_RECURSION = YES;
				CLANG_WARN_INT_CONVERSION = YES;
				CLANG_WARN_NON_LITERAL_NULL_CONVERSION = YES;
				CLANG_WARN_OBJC_IMPLICIT_RETAIN_SELF = YES;
				CLANG_WARN_OBJC_LITERAL_CONVERSION = YES;
				CLANG_WARN_OBJC_ROOT_CLASS = YES_ERROR;
				CLANG_WARN_QUOTED_INCLUDE_IN_FRAMEWORK_HEADER = YES;
				CLANG_WARN_RANGE_LOOP_ANALYSIS = YES;
				CLANG_WARN_STRICT_PROTOTYPES = YES;
				CLANG_WARN_SUSPICIOUS_MOVE = YES;
				CLANG_WARN_UNGUARDED_AVAILABILITY = YES_AGGRESSIVE;
				CLANG_WARN_UNREACHABLE_CODE = YES;
				CLANG_WARN__DUPLICATE_METHOD_MATCH = YES;
				COPY_PHASE_STRIP = NO;
				DEBUG_INFORMATION_FORMAT = "dwarf-with-dsym";
				ENABLE_NS_ASSERTIONS = NO;
				ENABLE_STRICT_OBJC_MSGSEND = YES;
				GCC_C_LANGUAGE_STANDARD = gnu11;
				GCC_NO_COMMON_BLOCKS = YES;
				GCC_WARN_64_TO_32_BIT_CONVERSION = YES;
				GCC_WARN_ABOUT_RETURN_TYPE = YES_ERROR;
				GCC_WARN_UNDECLARED_SELECTOR = YES;
				GCC_WARN_UNINITIALIZED_AUTOS = YES_AGGRESSIVE;
				GCC_WARN_UNUSED_FUNCTION = YES;
				GCC_WARN_UNUSED_VARIABLE = YES;
				MACOSX_DEPLOYMENT_TARGET = 11.6;
				MTL_ENABLE_DEBUG_INFO = NO;
				MTL_FAST_MATH = YES;
				SDKROOT = macosx;
				SWIFT_COMPILATION_MODE = wholemodule;
				SWIFT_OPTIMIZATION_LEVEL = "-O";
			};
			name = Release;
		};
		D0BF813B273107270019F06D /* Debug */ = {
			isa = XCBuildConfiguration;
			buildSettings = {
				ASSETCATALOG_COMPILER_APPICON_NAME = AppIcon;
				ASSETCATALOG_COMPILER_GLOBAL_ACCENT_COLOR_NAME = AccentColor;
				CODE_SIGN_ENTITLEMENTS = "Nudger-SwiftUI/Nudger_SwiftUI.entitlements";
				"CODE_SIGN_IDENTITY[sdk=macosx*]" = "Apple Development";
				CODE_SIGN_STYLE = Automatic;
				COMBINE_HIDPI_IMAGES = YES;
				CURRENT_PROJECT_VERSION = 3;
				DEVELOPMENT_ASSET_PATHS = "\"Nudger-SwiftUI/Preview Content\"";
				DEVELOPMENT_TEAM = S3P5HRA85C;
				ENABLE_HARDENED_RUNTIME = YES;
				ENABLE_PREVIEWS = YES;
				GENERATE_INFOPLIST_FILE = YES;
				INFOPLIST_FILE = "Nudger-SwiftUI/Info.plist";
				INFOPLIST_KEY_CFBundleDisplayName = MessageMate;
				INFOPLIST_KEY_LSApplicationCategoryType = "public.app-category.productivity";
				INFOPLIST_KEY_NSHumanReadableCopyright = "";
				LD_RUNPATH_SEARCH_PATHS = (
					"$(inherited)",
					"@executable_path/../Frameworks",
				);
				MACOSX_DEPLOYMENT_TARGET = 11.0;
				MARKETING_VERSION = 1.0.0;
				PRODUCT_BUNDLE_IDENTIFIER = "com.shekar.Nudger-SwiftUI";
				PRODUCT_NAME = "$(TARGET_NAME)";
				SWIFT_EMIT_LOC_STRINGS = YES;
				SWIFT_VERSION = 5.0;
			};
			name = Debug;
		};
		D0BF813C273107270019F06D /* Release */ = {
			isa = XCBuildConfiguration;
			buildSettings = {
				ASSETCATALOG_COMPILER_APPICON_NAME = AppIcon;
				ASSETCATALOG_COMPILER_GLOBAL_ACCENT_COLOR_NAME = AccentColor;
				CODE_SIGN_ENTITLEMENTS = "Nudger-SwiftUI/Nudger_SwiftUI.entitlements";
				"CODE_SIGN_IDENTITY[sdk=macosx*]" = "Apple Development";
				CODE_SIGN_STYLE = Automatic;
				COMBINE_HIDPI_IMAGES = YES;
				CURRENT_PROJECT_VERSION = 3;
				DEVELOPMENT_ASSET_PATHS = "\"Nudger-SwiftUI/Preview Content\"";
				DEVELOPMENT_TEAM = S3P5HRA85C;
				ENABLE_HARDENED_RUNTIME = YES;
				ENABLE_PREVIEWS = YES;
				GENERATE_INFOPLIST_FILE = YES;
				INFOPLIST_FILE = "Nudger-SwiftUI/Info.plist";
				INFOPLIST_KEY_CFBundleDisplayName = MessageMate;
				INFOPLIST_KEY_LSApplicationCategoryType = "public.app-category.productivity";
				INFOPLIST_KEY_NSHumanReadableCopyright = "";
				LD_RUNPATH_SEARCH_PATHS = (
					"$(inherited)",
					"@executable_path/../Frameworks",
				);
				MACOSX_DEPLOYMENT_TARGET = 11.0;
				MARKETING_VERSION = 1.0.0;
				PRODUCT_BUNDLE_IDENTIFIER = "com.shekar.Nudger-SwiftUI";
				PRODUCT_NAME = "$(TARGET_NAME)";
				SWIFT_EMIT_LOC_STRINGS = YES;
				SWIFT_VERSION = 5.0;
			};
			name = Release;
		};
/* End XCBuildConfiguration section */

/* Begin XCConfigurationList section */
		D0BF8121273107230019F06D /* Build configuration list for PBXProject "Nudger-SwiftUI" */ = {
			isa = XCConfigurationList;
			buildConfigurations = (
				D0BF8138273107270019F06D /* Debug */,
				D0BF8139273107270019F06D /* Release */,
			);
			defaultConfigurationIsVisible = 0;
			defaultConfigurationName = Release;
		};
		D0BF813A273107270019F06D /* Build configuration list for PBXNativeTarget "Nudger-SwiftUI" */ = {
			isa = XCConfigurationList;
			buildConfigurations = (
				D0BF813B273107270019F06D /* Debug */,
				D0BF813C273107270019F06D /* Release */,
			);
			defaultConfigurationIsVisible = 0;
			defaultConfigurationName = Release;
		};
/* End XCConfigurationList section */

/* Begin XCRemoteSwiftPackageReference section */
		D0BF814B273248800019F06D /* XCRemoteSwiftPackageReference "GRDB.swift" */ = {
			isa = XCRemoteSwiftPackageReference;
			repositoryURL = "https://github.com/groue/GRDB.swift.git";
			requirement = {
				branch = master;
				kind = branch;
			};
		};
		D0BF814E273248A50019F06D /* XCRemoteSwiftPackageReference "PhoneNumberKit" */ = {
			isa = XCRemoteSwiftPackageReference;
			repositoryURL = "https://github.com/marmelroy/PhoneNumberKit.git";
			requirement = {
				branch = master;
				kind = branch;
			};
		};
		D0F8B8CB2738B68100D99737 /* XCRemoteSwiftPackageReference "HotKey" */ = {
			isa = XCRemoteSwiftPackageReference;
			repositoryURL = "https://github.com/soffes/HotKey";
			requirement = {
				kind = upToNextMajorVersion;
				minimumVersion = 0.1.3;
			};
		};
/* End XCRemoteSwiftPackageReference section */

/* Begin XCSwiftPackageProductDependency section */
		D0BF814C273248800019F06D /* GRDB */ = {
			isa = XCSwiftPackageProductDependency;
			package = D0BF814B273248800019F06D /* XCRemoteSwiftPackageReference "GRDB.swift" */;
			productName = GRDB;
		};
		D0BF814F273248A50019F06D /* PhoneNumberKit */ = {
			isa = XCSwiftPackageProductDependency;
			package = D0BF814E273248A50019F06D /* XCRemoteSwiftPackageReference "PhoneNumberKit" */;
			productName = PhoneNumberKit;
		};
		D0F8B8CC2738B68100D99737 /* HotKey */ = {
			isa = XCSwiftPackageProductDependency;
			package = D0F8B8CB2738B68100D99737 /* XCRemoteSwiftPackageReference "HotKey" */;
			productName = HotKey;
		};
/* End XCSwiftPackageProductDependency section */

/* Begin XCVersionGroup section */
		D0BF8134273107270019F06D /* Nudger_SwiftUI.xcdatamodeld */ = {
			isa = XCVersionGroup;
			children = (
				D0BF8135273107270019F06D /* Nudger_SwiftUI.xcdatamodel */,
			);
			currentVersion = D0BF8135273107270019F06D /* Nudger_SwiftUI.xcdatamodel */;
			path = Nudger_SwiftUI.xcdatamodeld;
			sourceTree = "<group>";
			versionGroupType = wrapper.xcdatamodel;
		};
/* End XCVersionGroup section */
	};
	rootObject = D0BF811E273107230019F06D /* Project object */;
}
